
Microsoft Visual Studio Solution File, Format Version 12.00
# Visual Studio Version 17
VisualStudioVersion = 17.9.34728.123
MinimumVisualStudioVersion = 10.0.40219.1
Project("{9A19103F-16F7-4668-BE54-9A1E7A4F7556}") = "DemoApp", "DemoApp\DemoApp.csproj", "{51937054-BBEA-41C0-94F8-3213B49EF939}"
EndProject
Project("{9A19103F-16F7-4668-BE54-9A1E7A4F7556}") = "SmartDateControl", "SmartDateControl\SmartDateControl.csproj", "{22876687-FE67-4CFB-9D8F-D9C9FF2D1C58}"
EndProject
Global
	GlobalSection(SolutionConfigurationPlatforms) = preSolution
		Debug|Any CPU = Debug|Any CPU
		Release|Any CPU = Release|Any CPU
	EndGlobalSection
	GlobalSection(ProjectConfigurationPlatforms) = postSolution
		{51937054-BBEA-41C0-94F8-3213B49EF939}.Debug|Any CPU.ActiveCfg = Debug|Any CPU
		{51937054-BBEA-41C0-94F8-3213B49EF939}.Debug|Any CPU.Build.0 = Debug|Any CPU
		{51937054-BBEA-41C0-94F8-3213B49EF939}.Release|Any CPU.ActiveCfg = Release|Any CPU
		{51937054-BBEA-41C0-94F8-3213B49EF939}.Release|Any CPU.Build.0 = Release|Any CPU
		{22876687-FE67-4CFB-9D8F-D9C9FF2D1C58}.Debug|Any CPU.ActiveCfg = Debug|Any CPU
		{22876687-FE67-4CFB-9D8F-D9C9FF2D1C58}.Debug|Any CPU.Build.0 = Debug|Any CPU
		{22876687-FE67-4CFB-9D8F-D9C9FF2D1C58}.Release|Any CPU.ActiveCfg = Release|Any CPU
		{22876687-FE67-4CFB-9D8F-D9C9FF2D1C58}.Release|Any CPU.Build.0 = Release|Any CPU
	EndGlobalSection
	GlobalSection(SolutionProperties) = preSolution
		HideSolutionNode = FALSE
	EndGlobalSection
	GlobalSection(ExtensibilityGlobals) = postSolution
		SolutionGuid = {30A459A8-4C2C-45DD-97C4-C0067C4EED10}
	EndGlobalSection
EndGlobal
